
Microsoft Visual Studio Solution File, Format Version 12.00
# Visual Studio 15
Project("{FAE04EC0-301F-11D3-BF4B-00C04F79EFBC}") = "image-processing-pipeline", "image-processing-pipeline\image-processing-pipeline.csproj", "{DE3B9552-02DC-4CD6-94C4-B8704C079EFC}"
EndProject
Global
	GlobalSection(SolutionConfigurationPlatforms) = preSolution
		Debug|Any CPU = Debug|Any CPU
		Release|Any CPU = Release|Any CPU
	EndGlobalSection
	GlobalSection(ProjectConfigurationPlatforms) = postSolution
		{DE3B9552-02DC-4CD6-94C4-B8704C079EFC}.Debug|Any CPU.ActiveCfg = Debug|Any CPU
		{DE3B9552-02DC-4CD6-94C4-B8704C079EFC}.Debug|Any CPU.Build.0 = Debug|Any CPU
		{DE3B9552-02DC-4CD6-94C4-B8704C079EFC}.Release|Any CPU.ActiveCfg = Release|Any CPU
		{DE3B9552-02DC-4CD6-94C4-B8704C079EFC}.Release|Any CPU.Build.0 = Release|Any CPU
	EndGlobalSection
EndGlobal
